
Microsoft Visual Studio Solution File, Format Version 12.00
Project("{FAE04EC0-301F-11D3-BF4B-00C04F79EFBC}") = "Othello3", "Othello3\Othello3.csproj", "{DE2D9311-7048-4A3B-82BF-8603D9CA7D6A}"
EndProject
Global
	GlobalSection(SolutionConfigurationPlatforms) = preSolution
		Debug|Any CPU = Debug|Any CPU
		Release|Any CPU = Release|Any CPU
	EndGlobalSection
	GlobalSection(ProjectConfigurationPlatforms) = postSolution
		{DE2D9311-7048-4A3B-82BF-8603D9CA7D6A}.Debug|Any CPU.ActiveCfg = Debug|Any CPU
		{DE2D9311-7048-4A3B-82BF-8603D9CA7D6A}.Debug|Any CPU.Build.0 = Debug|Any CPU
		{DE2D9311-7048-4A3B-82BF-8603D9CA7D6A}.Release|Any CPU.ActiveCfg = Release|Any CPU
		{DE2D9311-7048-4A3B-82BF-8603D9CA7D6A}.Release|Any CPU.Build.0 = Release|Any CPU
	EndGlobalSection
EndGlobal
